{
  "name": "assets",
  "lockfileVersion": 2,
  "requires": true,
  "packages": {
    "": {
      "dependencies": {
        "regenerator-runtime": "^0.13.9",
        "webrtc-adapter": "^8.1.0"
      }
    },
    "node_modules/regenerator-runtime": {
      "version": "0.13.9",
      "resolved": "https://registry.npmjs.org/regenerator-runtime/-/regenerator-runtime-0.13.9.tgz",
      "integrity": "sha512-p3VT+cOEgxFsRRA9X4lkI1E+k2/CtnKtU4gcxyaCUreilL/vqI6CdZ3wxVUx3UOUg+gnUOQQcRI7BmSI656MYA=="
    },
    "node_modules/sdp": {
      "version": "3.0.3",
      "resolved": "https://registry.npmjs.org/sdp/-/sdp-3.0.3.tgz",
      "integrity": "sha512-8EkfckS+XZQaPLyChu4ey7PghrdcraCVNpJe2Gfdi2ON1ylQ7OasuKX+b37R9slnRChwIAiQgt+oj8xXGD8x+A=="
    },
    "node_modules/webrtc-adapter": {
      "version": "8.1.0",
      "resolved": "https://registry.npmjs.org/webrtc-adapter/-/webrtc-adapter-8.1.0.tgz",
      "integrity": "sha512-I+y/LWBiGYPVhIb8Ww7nyoNWhrCYENeGoRvZuyytLn/h+ahDBgItvuIfMdzT+xhOnjLIMVkOykttGJPv1dr6kA==",
      "dependencies": {
        "sdp": "^3.0.2"
      },
      "engines": {
        "node": ">=6.0.0",
        "npm": ">=3.10.0"
      }
    }
  },
  "dependencies": {
    "regenerator-runtime": {
      "version": "0.13.9",
      "resolved": "https://registry.npmjs.org/regenerator-runtime/-/regenerator-runtime-0.13.9.tgz",
      "integrity": "sha512-p3VT+cOEgxFsRRA9X4lkI1E+k2/CtnKtU4gcxyaCUreilL/vqI6CdZ3wxVUx3UOUg+gnUOQQcRI7BmSI656MYA=="
    },
    "sdp": {
      "version": "3.0.3",
      "resolved": "https://registry.npmjs.org/sdp/-/sdp-3.0.3.tgz",
      "integrity": "sha512-8EkfckS+XZQaPLyChu4ey7PghrdcraCVNpJe2Gfdi2ON1ylQ7OasuKX+b37R9slnRChwIAiQgt+oj8xXGD8x+A=="
    },
    "webrtc-adapter": {
      "version": "8.1.0",
      "resolved": "https://registry.npmjs.org/webrtc-adapter/-/webrtc-adapter-8.1.0.tgz",
      "integrity": "sha512-I+y/LWBiGYPVhIb8Ww7nyoNWhrCYENeGoRvZuyytLn/h+ahDBgItvuIfMdzT+xhOnjLIMVkOykttGJPv1dr6kA==",
      "requires": {
        "sdp": "^3.0.2"
      }
    }
  }
}
